
Microsoft Visual Studio Solution File, Format Version 12.00
# Visual Studio Version 16
VisualStudioVersion = 16.0.32106.194
MinimumVisualStudioVersion = 10.0.40219.1
Project("{F184B08F-C81C-45F6-A57F-5ABD9991F28F}") = "ErabiltzaileErregistratuak", "ErabiltzaileErregistratuak\ErabiltzaileErregistratuak.vbproj", "{004958DD-1D1B-44B2-AB8A-665937542655}"
EndProject
Global
	GlobalSection(SolutionConfigurationPlatforms) = preSolution
		Debug|Any CPU = Debug|Any CPU
		Release|Any CPU = Release|Any CPU
	EndGlobalSection
	GlobalSection(ProjectConfigurationPlatforms) = postSolution
		{004958DD-1D1B-44B2-AB8A-665937542655}.Debug|Any CPU.ActiveCfg = Debug|Any CPU
		{004958DD-1D1B-44B2-AB8A-665937542655}.Debug|Any CPU.Build.0 = Debug|Any CPU
		{004958DD-1D1B-44B2-AB8A-665937542655}.Release|Any CPU.ActiveCfg = Release|Any CPU
		{004958DD-1D1B-44B2-AB8A-665937542655}.Release|Any CPU.Build.0 = Release|Any CPU
	EndGlobalSection
	GlobalSection(SolutionProperties) = preSolution
		HideSolutionNode = FALSE
	EndGlobalSection
	GlobalSection(ExtensibilityGlobals) = postSolution
		SolutionGuid = {428F70B0-686E-4227-A742-E222C48D0E64}
	EndGlobalSection
EndGlobal
